
Microsoft Visual Studio Solution File, Format Version 12.00
# Visual Studio Version 16
VisualStudioVersion = 16.0.29409.12
MinimumVisualStudioVersion = 10.0.40219.1
Project("{F184B08F-C81C-45F6-A57F-5ABD9991F28F}") = "StudentManagementSystem", "StudentManagementSystem\StudentManagementSystem.vbproj", "{EAA31341-12BF-48B2-8758-FB5EF045E0CB}"
EndProject
Global
	GlobalSection(SolutionConfigurationPlatforms) = preSolution
		Debug|Any CPU = Debug|Any CPU
		Release|Any CPU = Release|Any CPU
	EndGlobalSection
	GlobalSection(ProjectConfigurationPlatforms) = postSolution
		{EAA31341-12BF-48B2-8758-FB5EF045E0CB}.Debug|Any CPU.ActiveCfg = Debug|Any CPU
		{EAA31341-12BF-48B2-8758-FB5EF045E0CB}.Debug|Any CPU.Build.0 = Debug|Any CPU
		{EAA31341-12BF-48B2-8758-FB5EF045E0CB}.Release|Any CPU.ActiveCfg = Release|Any CPU
		{EAA31341-12BF-48B2-8758-FB5EF045E0CB}.Release|Any CPU.Build.0 = Release|Any CPU
	EndGlobalSection
	GlobalSection(SolutionProperties) = preSolution
		HideSolutionNode = FALSE
	EndGlobalSection
	GlobalSection(ExtensibilityGlobals) = postSolution
		SolutionGuid = {45E14A84-05C8-43E1-8416-C40677A77B1E}
	EndGlobalSection
EndGlobal
