
Microsoft Visual Studio Solution File, Format Version 12.00
# Visual Studio Version 16
VisualStudioVersion = 16.0.29409.12
MinimumVisualStudioVersion = 10.0.40219.1
Project("{FAE04EC0-301F-11D3-BF4B-00C04F79EFBC}") = "step67", "step67\step67.csproj", "{566A1644-081E-4A13-84BD-269770CC1EF2}"
EndProject
Global
	GlobalSection(SolutionConfigurationPlatforms) = preSolution
		Debug|Any CPU = Debug|Any CPU
		Release|Any CPU = Release|Any CPU
	EndGlobalSection
	GlobalSection(ProjectConfigurationPlatforms) = postSolution
		{566A1644-081E-4A13-84BD-269770CC1EF2}.Debug|Any CPU.ActiveCfg = Debug|Any CPU
		{566A1644-081E-4A13-84BD-269770CC1EF2}.Debug|Any CPU.Build.0 = Debug|Any CPU
		{566A1644-081E-4A13-84BD-269770CC1EF2}.Release|Any CPU.ActiveCfg = Release|Any CPU
		{566A1644-081E-4A13-84BD-269770CC1EF2}.Release|Any CPU.Build.0 = Release|Any CPU
	EndGlobalSection
	GlobalSection(SolutionProperties) = preSolution
		HideSolutionNode = FALSE
	EndGlobalSection
	GlobalSection(ExtensibilityGlobals) = postSolution
		SolutionGuid = {5ABBF0AB-5393-4B4D-AD75-F9DD7E463520}
	EndGlobalSection
EndGlobal
