
Microsoft Visual Studio Solution File, Format Version 12.00
# Visual Studio Version 16
VisualStudioVersion = 16.0.29409.12
MinimumVisualStudioVersion = 10.0.40219.1
Project("{FAE04EC0-301F-11D3-BF4B-00C04F79EFBC}") = "step113", "step113\step113.csproj", "{BA807BD9-3BC9-4411-AA27-BC4C80B7BF4E}"
EndProject
Global
	GlobalSection(SolutionConfigurationPlatforms) = preSolution
		Debug|Any CPU = Debug|Any CPU
		Release|Any CPU = Release|Any CPU
	EndGlobalSection
	GlobalSection(ProjectConfigurationPlatforms) = postSolution
		{BA807BD9-3BC9-4411-AA27-BC4C80B7BF4E}.Debug|Any CPU.ActiveCfg = Debug|Any CPU
		{BA807BD9-3BC9-4411-AA27-BC4C80B7BF4E}.Debug|Any CPU.Build.0 = Debug|Any CPU
		{BA807BD9-3BC9-4411-AA27-BC4C80B7BF4E}.Release|Any CPU.ActiveCfg = Release|Any CPU
		{BA807BD9-3BC9-4411-AA27-BC4C80B7BF4E}.Release|Any CPU.Build.0 = Release|Any CPU
	EndGlobalSection
	GlobalSection(SolutionProperties) = preSolution
		HideSolutionNode = FALSE
	EndGlobalSection
	GlobalSection(ExtensibilityGlobals) = postSolution
		SolutionGuid = {58E2B5F5-D233-42BE-9DEF-9756172FF16D}
	EndGlobalSection
EndGlobal
