
Microsoft Visual Studio Solution File, Format Version 12.00
# Visual Studio Version 16
VisualStudioVersion = 16.0.29409.12
MinimumVisualStudioVersion = 10.0.40219.1
Project("{FAE04EC0-301F-11D3-BF4B-00C04F79EFBC}") = "step103", "step103\step103.csproj", "{4CE97D99-1F48-4038-8EEC-CCD51C59371F}"
EndProject
Global
	GlobalSection(SolutionConfigurationPlatforms) = preSolution
		Debug|Any CPU = Debug|Any CPU
		Release|Any CPU = Release|Any CPU
	EndGlobalSection
	GlobalSection(ProjectConfigurationPlatforms) = postSolution
		{4CE97D99-1F48-4038-8EEC-CCD51C59371F}.Debug|Any CPU.ActiveCfg = Debug|Any CPU
		{4CE97D99-1F48-4038-8EEC-CCD51C59371F}.Debug|Any CPU.Build.0 = Debug|Any CPU
		{4CE97D99-1F48-4038-8EEC-CCD51C59371F}.Release|Any CPU.ActiveCfg = Release|Any CPU
		{4CE97D99-1F48-4038-8EEC-CCD51C59371F}.Release|Any CPU.Build.0 = Release|Any CPU
	EndGlobalSection
	GlobalSection(SolutionProperties) = preSolution
		HideSolutionNode = FALSE
	EndGlobalSection
	GlobalSection(ExtensibilityGlobals) = postSolution
		SolutionGuid = {38BD2E6B-D345-40B5-862D-54B706676236}
	EndGlobalSection
EndGlobal
