
Microsoft Visual Studio Solution File, Format Version 12.00
# Visual Studio Version 16
VisualStudioVersion = 16.0.29409.12
MinimumVisualStudioVersion = 10.0.40219.1
Project("{FAE04EC0-301F-11D3-BF4B-00C04F79EFBC}") = "step134", "step134\step134.csproj", "{6F8F024B-281B-4330-A706-6DC265122960}"
EndProject
Global
	GlobalSection(SolutionConfigurationPlatforms) = preSolution
		Debug|Any CPU = Debug|Any CPU
		Release|Any CPU = Release|Any CPU
	EndGlobalSection
	GlobalSection(ProjectConfigurationPlatforms) = postSolution
		{6F8F024B-281B-4330-A706-6DC265122960}.Debug|Any CPU.ActiveCfg = Debug|Any CPU
		{6F8F024B-281B-4330-A706-6DC265122960}.Debug|Any CPU.Build.0 = Debug|Any CPU
		{6F8F024B-281B-4330-A706-6DC265122960}.Release|Any CPU.ActiveCfg = Release|Any CPU
		{6F8F024B-281B-4330-A706-6DC265122960}.Release|Any CPU.Build.0 = Release|Any CPU
	EndGlobalSection
	GlobalSection(SolutionProperties) = preSolution
		HideSolutionNode = FALSE
	EndGlobalSection
	GlobalSection(ExtensibilityGlobals) = postSolution
		SolutionGuid = {1778AB2D-8A10-40E0-A347-B81B97E6CDF9}
	EndGlobalSection
EndGlobal
